<?xml version="1.0" encoding="utf-8"?>
<Project ToolsVersion="4.0" xmlns="http://schemas.microsoft.com/developer/msbuild/2003">
  <ItemGroup>
    <Filter Include="core">
      <UniqueIdentifier>{1bea9f33-90f5-4f46-8a9c-f866f33e41e4}</UniqueIdentifier>
    </Filter>
    <Filter Include="angelscript">
      <UniqueIdentifier>{4ce407ae-1657-4a12-8534-11554251a427}</UniqueIdentifier>
    </Filter>
    <Filter Include="api">
      <UniqueIdentifier>{26932d62-6696-46f2-9fdf-65d49caa5fc6}</UniqueIdentifier>
    </Filter>
    <Filter Include="metamod">
      <UniqueIdentifier>{0dea28de-d923-48c1-b23e-01a6a0f9d40b}</UniqueIdentifier>
    </Filter>
    <Filter Include="core\menu">
      <UniqueIdentifier>{6ef504f1-56b5-4cd7-b29e-59de9aec839b}</UniqueIdentifier>
    </Filter>
    <Filter Include="core\config">
      <UniqueIdentifier>{7913e517-8707-4d4e-81f6-a875b520bca8}</UniqueIdentifier>
    </Filter>
    <Filter Include="core\storage">
      <UniqueIdentifier>{c7d40998-3fb3-42d7-9999-7ffa0f187b92}</UniqueIdentifier>
    </Filter>
    <Filter Include="core\timer">
      <UniqueIdentifier>{3f7774a5-961c-414f-9561-b6359fef0381}</UniqueIdentifier>
    </Filter>
    <Filter Include="core\menu\executor">
      <UniqueIdentifier>{7eeaf87e-7e95-4965-a987-32b160d4d51f}</UniqueIdentifier>
    </Filter>
    <Filter Include="core\scripts">
      <UniqueIdentifier>{b53f43ec-4d84-423b-8493-377d65a0a4a8}</UniqueIdentifier>
    </Filter>
    <Filter Include="core\hud">
      <UniqueIdentifier>{74adda33-8e49-406b-b5c2-46d3ed8e6f0d}</UniqueIdentifier>
    </Filter>
    <Filter Include="core\lang">
      <UniqueIdentifier>{c336b52f-947a-4744-9eb8-6a7aeb2d8b6a}</UniqueIdentifier>
    </Filter>
    <Filter Include="core\command">
      <UniqueIdentifier>{250fbd8b-fc6b-402c-9983-136a31eb0205}</UniqueIdentifier>
    </Filter>
    <Filter Include="core\plugin">
      <UniqueIdentifier>{eb37391e-83c7-4790-8eeb-f1a3e8c5b2ec}</UniqueIdentifier>
    </Filter>
    <Filter Include="core\scripts\tcl">
      <UniqueIdentifier>{9bb75d33-3ae7-41e0-b102-20eb1c4e3f8a}</UniqueIdentifier>
    </Filter>
  </ItemGroup>
  <ItemGroup>
    <ClCompile Include="src\dllapi.cpp">
      <Filter>metamod</Filter>
    </ClCompile>
    <ClCompile Include="src\dllmain.cpp">
      <Filter>metamod</Filter>
    </ClCompile>
    <ClCompile Include="src\engine_api.cpp">
      <Filter>metamod</Filter>
    </ClCompile>
    <ClCompile Include="src\h_export.cpp">
      <Filter>metamod</Filter>
    </ClCompile>
    <ClCompile Include="src\meta_api.cpp">
      <Filter>metamod</Filter>
    </ClCompile>
    <ClCompile Include="src\sdk_util.cpp">
      <Filter>metamod</Filter>
    </ClCompile>
    <ClCompile Include="src\meta_utility.cpp" />
    <ClCompile Include="mmlib\src\Scheduler.cpp">
      <Filter>core\timer</Filter>
    </ClCompile>
    <ClCompile Include="src\angelscript\angelscript.cpp">
      <Filter>angelscript</Filter>
    </ClCompile>
    <ClCompile Include="src\config\CConfig.cpp">
      <Filter>core\config</Filter>
    </ClCompile>
    <ClCompile Include="src\menu\executor\CBaseEccoExecutor.cpp">
      <Filter>core\menu\executor</Filter>
    </ClCompile>
    <ClCompile Include="src\menu\executor\CEccoBackExecutor.cpp">
      <Filter>core\menu\executor</Filter>
    </ClCompile>
    <ClCompile Include="src\menu\executor\CEccoScriptExecutor.cpp">
      <Filter>core\menu\executor</Filter>
    </ClCompile>
    <ClCompile Include="src\menu\executor\CEccoTextMenuExecutor.cpp">
      <Filter>core\menu\executor</Filter>
    </ClCompile>
    <ClCompile Include="src\menu\MenuParser.cpp">
      <Filter>core\menu</Filter>
    </ClCompile>
    <ClCompile Include="src\timer\Timer.cpp">
      <Filter>core\timer</Filter>
    </ClCompile>
    <ClCompile Include="src\scripts\CEccoScriptItem.cpp">
      <Filter>core\scripts</Filter>
    </ClCompile>
    <ClCompile Include="src\scripts\script_system.cpp">
      <Filter>core\scripts</Filter>
    </ClCompile>
    <ClCompile Include="src\storage\CPlayerStorageItem.cpp">
      <Filter>core\storage</Filter>
    </ClCompile>
    <ClCompile Include="src\storage\Storage.cpp">
      <Filter>core\storage</Filter>
    </ClCompile>
    <ClCompile Include="src\hud\hud.cpp">
      <Filter>core\hud</Filter>
    </ClCompile>
    <ClCompile Include="src\hud\CHudNumber.cpp">
      <Filter>core\hud</Filter>
    </ClCompile>
    <ClCompile Include="src\lang\lang.cpp">
      <Filter>core\lang</Filter>
    </ClCompile>
    <ClCompile Include="src\command\CEccoClientCommand.cpp">
      <Filter>core\command</Filter>
    </ClCompile>
    <ClCompile Include="src\command\commands.cpp">
      <Filter>core\command</Filter>
    </ClCompile>
    <ClCompile Include="src\command\CEccoBaseCommand.cpp">
      <Filter>core\command</Filter>
    </ClCompile>
    <ClCompile Include="src\command\CEccoServerCommand.cpp">
      <Filter>core\command</Filter>
    </ClCompile>
    <ClCompile Include="src\scripts\CEccoScriptSystem.cpp">
      <Filter>core\scripts</Filter>
    </ClCompile>
    <ClCompile Include="src\CEccoFuncs.cpp">
      <Filter>core</Filter>
    </ClCompile>
    <ClCompile Include="src\plugin\plugin_system.cpp">
      <Filter>core\plugin</Filter>
    </ClCompile>
    <ClCompile Include="src\scripts\tcl_loader.cpp">
      <Filter>core\scripts\tcl</Filter>
    </ClCompile>
  </ItemGroup>
  <ItemGroup>
    <ClInclude Include="src\dlldef.h">
      <Filter>metamod</Filter>
    </ClInclude>
    <ClInclude Include="src\enginedef.h">
      <Filter>metamod</Filter>
    </ClInclude>
    <ClInclude Include="src\info_name.h">
      <Filter>metamod</Filter>
    </ClInclude>
    <ClInclude Include="src\signatures.h">
      <Filter>metamod</Filter>
    </ClInclude>
    <ClInclude Include="src\meta_utility.h" />
    <ClInclude Include="mmlib\src\Scheduler.h">
      <Filter>core\timer</Filter>
    </ClInclude>
    <ClInclude Include="src\angelscript\angelscript.hpp">
      <Filter>angelscript</Filter>
    </ClInclude>
    <ClInclude Include="src\angelscript\angelscriptlib.h">
      <Filter>angelscript</Filter>
    </ClInclude>
    <ClInclude Include="src\config\CConfig.h">
      <Filter>core\config</Filter>
    </ClInclude>
    <ClInclude Include="src\menu\executor\CBaseEccoExecutor.h">
      <Filter>core\menu\executor</Filter>
    </ClInclude>
    <ClInclude Include="src\menu\executor\CEccoBackExecutor.h">
      <Filter>core\menu\executor</Filter>
    </ClInclude>
    <ClInclude Include="src\menu\executor\CEccoScriptExecutor.h">
      <Filter>core\menu\executor</Filter>
    </ClInclude>
    <ClInclude Include="src\menu\executor\CEccoTextMenuExecutor.h">
      <Filter>core\menu\executor</Filter>
    </ClInclude>
    <ClInclude Include="src\menu\MenuParser.h">
      <Filter>core\menu</Filter>
    </ClInclude>
    <ClInclude Include="src\timer\Timer.h">
      <Filter>core\timer</Filter>
    </ClInclude>
    <ClInclude Include="src\scripts\CEccoScriptItem.h">
      <Filter>core\scripts</Filter>
    </ClInclude>
    <ClInclude Include="src\scripts\script_system.h">
      <Filter>core\scripts</Filter>
    </ClInclude>
    <ClInclude Include="src\storage\CPlayerStorageItem.h">
      <Filter>core\storage</Filter>
    </ClInclude>
    <ClInclude Include="src\storage\Storage.h">
      <Filter>core\storage</Filter>
    </ClInclude>
    <ClInclude Include="src\hud\hud.h">
      <Filter>core\hud</Filter>
    </ClInclude>
    <ClInclude Include="src\hud\CHudNumber.h">
      <Filter>core\hud</Filter>
    </ClInclude>
    <ClInclude Include="src\lang\lang.h">
      <Filter>core\lang</Filter>
    </ClInclude>
    <ClInclude Include="src\command\CEccoClientCommand.h">
      <Filter>core\command</Filter>
    </ClInclude>
    <ClInclude Include="src\command\command_system.h">
      <Filter>core\command</Filter>
    </ClInclude>
    <ClInclude Include="src\command\CEccoBaseCommand.h">
      <Filter>core\command</Filter>
    </ClInclude>
    <ClInclude Include="src\command\CEccoServerCommand.h">
      <Filter>core\command</Filter>
    </ClInclude>
    <ClInclude Include="include\api\IPlayerStorageItem.h">
      <Filter>api</Filter>
    </ClInclude>
    <ClInclude Include="src\scripts\CEccoScriptSystem.h">
      <Filter>core\scripts</Filter>
    </ClInclude>
    <ClInclude Include="include\api\IEccoScriptSystem.h">
      <Filter>api</Filter>
    </ClInclude>
    <ClInclude Include="include\api\IEccoPlugin.h">
      <Filter>api</Filter>
    </ClInclude>
    <ClInclude Include="include\api\IEccoFuncs.h">
      <Filter>api</Filter>
    </ClInclude>
    <ClInclude Include="src\CEccoFuncs.h">
      <Filter>core</Filter>
    </ClInclude>
    <ClInclude Include="src\plugin\plugin_system.h">
      <Filter>core\plugin</Filter>
    </ClInclude>
    <ClInclude Include="include\api\IEccoBaseExcutor.h">
      <Filter>api</Filter>
    </ClInclude>
    <ClInclude Include="src\scripts\tcl_loader.h">
      <Filter>core\scripts\tcl</Filter>
    </ClInclude>
    <ClInclude Include="src\scripts\tclDecls_dynamic.h">
      <Filter>core\scripts\tcl</Filter>
    </ClInclude>
    <ClInclude Include="src\scripts\tcl_dynamic.h">
      <Filter>core\scripts\tcl</Filter>
    </ClInclude>
  </ItemGroup>
  <ItemGroup>
    <None Include="exports.def" />
  </ItemGroup>
</Project>